
Microsoft Visual Studio Solution File, Format Version 12.00
# Visual Studio 2013
VisualStudioVersion = 12.0.31101.0
MinimumVisualStudioVersion = 10.0.40219.1
Project("{2150E333-8FDC-42A3-9474-1A3956D46DE8}") = "BlueRain", "BlueRain", "{487BB4D8-D0F7-4B1A-BE22-FFA489D69F59}"
EndProject
Project("{FAE04EC0-301F-11D3-BF4B-00C04F79EFBC}") = "BlueRain", "..\..\src\BlueRain\BlueRain.csproj", "{C211C65D-8BAB-424A-BB24-688CF30C1C97}"
EndProject
Project("{FAE04EC0-301F-11D3-BF4B-00C04F79EFBC}") = "BlueRain.Tests", "BlueRain.Tests\BlueRain.Tests.csproj", "{6918E704-4DF1-4E2A-ABEC-E5075D220CF5}"
EndProject
Global
	GlobalSection(SolutionConfigurationPlatforms) = preSolution
		Debug|Any CPU = Debug|Any CPU
		Debug|x64 = Debug|x64
		Debug|x86 = Debug|x86
		Release|Any CPU = Release|Any CPU
		Release|x64 = Release|x64
		Release|x86 = Release|x86
	EndGlobalSection
	GlobalSection(ProjectConfigurationPlatforms) = postSolution
		{C211C65D-8BAB-424A-BB24-688CF30C1C97}.Debug|Any CPU.ActiveCfg = Debug|Any CPU
		{C211C65D-8BAB-424A-BB24-688CF30C1C97}.Debug|Any CPU.Build.0 = Debug|Any CPU
		{C211C65D-8BAB-424A-BB24-688CF30C1C97}.Debug|x64.ActiveCfg = Debug|x64
		{C211C65D-8BAB-424A-BB24-688CF30C1C97}.Debug|x64.Build.0 = Debug|x64
		{C211C65D-8BAB-424A-BB24-688CF30C1C97}.Debug|x86.ActiveCfg = Debug|x86
		{C211C65D-8BAB-424A-BB24-688CF30C1C97}.Debug|x86.Build.0 = Debug|x86
		{C211C65D-8BAB-424A-BB24-688CF30C1C97}.Release|Any CPU.ActiveCfg = Release|Any CPU
		{C211C65D-8BAB-424A-BB24-688CF30C1C97}.Release|Any CPU.Build.0 = Release|Any CPU
		{C211C65D-8BAB-424A-BB24-688CF30C1C97}.Release|x64.ActiveCfg = Release|x64
		{C211C65D-8BAB-424A-BB24-688CF30C1C97}.Release|x64.Build.0 = Release|x64
		{C211C65D-8BAB-424A-BB24-688CF30C1C97}.Release|x86.ActiveCfg = Release|x86
		{C211C65D-8BAB-424A-BB24-688CF30C1C97}.Release|x86.Build.0 = Release|x86
		{6918E704-4DF1-4E2A-ABEC-E5075D220CF5}.Debug|Any CPU.ActiveCfg = Debug|Any CPU
		{6918E704-4DF1-4E2A-ABEC-E5075D220CF5}.Debug|Any CPU.Build.0 = Debug|Any CPU
		{6918E704-4DF1-4E2A-ABEC-E5075D220CF5}.Debug|x64.ActiveCfg = Debug|Any CPU
		{6918E704-4DF1-4E2A-ABEC-E5075D220CF5}.Debug|x86.ActiveCfg = Debug|Any CPU
		{6918E704-4DF1-4E2A-ABEC-E5075D220CF5}.Release|Any CPU.ActiveCfg = Release|Any CPU
		{6918E704-4DF1-4E2A-ABEC-E5075D220CF5}.Release|Any CPU.Build.0 = Release|Any CPU
		{6918E704-4DF1-4E2A-ABEC-E5075D220CF5}.Release|x64.ActiveCfg = Release|Any CPU
		{6918E704-4DF1-4E2A-ABEC-E5075D220CF5}.Release|x86.ActiveCfg = Release|Any CPU
	EndGlobalSection
	GlobalSection(SolutionProperties) = preSolution
		HideSolutionNode = FALSE
	EndGlobalSection
	GlobalSection(NestedProjects) = preSolution
		{C211C65D-8BAB-424A-BB24-688CF30C1C97} = {487BB4D8-D0F7-4B1A-BE22-FFA489D69F59}
	EndGlobalSection
EndGlobal
