
Microsoft Visual Studio Solution File, Format Version 12.00
# Visual Studio Version 16
VisualStudioVersion = 16.0.30011.22
MinimumVisualStudioVersion = 10.0.40219.1
Project("{9A19103F-16F7-4668-BE54-9A1E7A4F7556}") = "BlueRain", "BlueRain\BlueRain.csproj", "{C211C65D-8BAB-424A-BB24-688CF30C1C97}"
EndProject
Project("{2150E333-8FDC-42A3-9474-1A3956D46DE8}") = "Tests", "Tests", "{89B11F8E-C5A1-4EDD-A176-EF6751EC2875}"
EndProject
Project("{9A19103F-16F7-4668-BE54-9A1E7A4F7556}") = "BlueRain.Tests", "BlueRain.Tests\BlueRain.Tests.csproj", "{EC3157D8-EDE9-4452-9A66-DC1195649D7E}"
EndProject
Global
	GlobalSection(SolutionConfigurationPlatforms) = preSolution
		Debug|Any CPU = Debug|Any CPU
		Debug|x64 = Debug|x64
		Debug|x86 = Debug|x86
		Release|Any CPU = Release|Any CPU
		Release|x64 = Release|x64
		Release|x86 = Release|x86
	EndGlobalSection
	GlobalSection(ProjectConfigurationPlatforms) = postSolution
		{C211C65D-8BAB-424A-BB24-688CF30C1C97}.Debug|Any CPU.ActiveCfg = Debug|Any CPU
		{C211C65D-8BAB-424A-BB24-688CF30C1C97}.Debug|Any CPU.Build.0 = Debug|Any CPU
		{C211C65D-8BAB-424A-BB24-688CF30C1C97}.Debug|x64.ActiveCfg = Debug|Any CPU
		{C211C65D-8BAB-424A-BB24-688CF30C1C97}.Debug|x64.Build.0 = Debug|Any CPU
		{C211C65D-8BAB-424A-BB24-688CF30C1C97}.Debug|x86.ActiveCfg = Debug|Any CPU
		{C211C65D-8BAB-424A-BB24-688CF30C1C97}.Debug|x86.Build.0 = Debug|Any CPU
		{C211C65D-8BAB-424A-BB24-688CF30C1C97}.Release|Any CPU.ActiveCfg = Release|Any CPU
		{C211C65D-8BAB-424A-BB24-688CF30C1C97}.Release|Any CPU.Build.0 = Release|Any CPU
		{C211C65D-8BAB-424A-BB24-688CF30C1C97}.Release|x64.ActiveCfg = Release|Any CPU
		{C211C65D-8BAB-424A-BB24-688CF30C1C97}.Release|x64.Build.0 = Release|Any CPU
		{C211C65D-8BAB-424A-BB24-688CF30C1C97}.Release|x86.ActiveCfg = Release|Any CPU
		{C211C65D-8BAB-424A-BB24-688CF30C1C97}.Release|x86.Build.0 = Release|Any CPU
		{EC3157D8-EDE9-4452-9A66-DC1195649D7E}.Debug|Any CPU.ActiveCfg = Debug|Any CPU
		{EC3157D8-EDE9-4452-9A66-DC1195649D7E}.Debug|Any CPU.Build.0 = Debug|Any CPU
		{EC3157D8-EDE9-4452-9A66-DC1195649D7E}.Debug|x64.ActiveCfg = Debug|Any CPU
		{EC3157D8-EDE9-4452-9A66-DC1195649D7E}.Debug|x64.Build.0 = Debug|Any CPU
		{EC3157D8-EDE9-4452-9A66-DC1195649D7E}.Debug|x86.ActiveCfg = Debug|Any CPU
		{EC3157D8-EDE9-4452-9A66-DC1195649D7E}.Debug|x86.Build.0 = Debug|Any CPU
		{EC3157D8-EDE9-4452-9A66-DC1195649D7E}.Release|Any CPU.ActiveCfg = Release|Any CPU
		{EC3157D8-EDE9-4452-9A66-DC1195649D7E}.Release|Any CPU.Build.0 = Release|Any CPU
		{EC3157D8-EDE9-4452-9A66-DC1195649D7E}.Release|x64.ActiveCfg = Release|Any CPU
		{EC3157D8-EDE9-4452-9A66-DC1195649D7E}.Release|x64.Build.0 = Release|Any CPU
		{EC3157D8-EDE9-4452-9A66-DC1195649D7E}.Release|x86.ActiveCfg = Release|Any CPU
		{EC3157D8-EDE9-4452-9A66-DC1195649D7E}.Release|x86.Build.0 = Release|Any CPU
	EndGlobalSection
	GlobalSection(SolutionProperties) = preSolution
		HideSolutionNode = FALSE
	EndGlobalSection
	GlobalSection(NestedProjects) = preSolution
		{EC3157D8-EDE9-4452-9A66-DC1195649D7E} = {89B11F8E-C5A1-4EDD-A176-EF6751EC2875}
	EndGlobalSection
	GlobalSection(ExtensibilityGlobals) = postSolution
		SolutionGuid = {9E81B97D-1488-4E20-97A9-9B68802DF181}
	EndGlobalSection
EndGlobal
